
Microsoft Visual Studio Solution File, Format Version 12.00
# Visual Studio Version 17
VisualStudioVersion = 17.14.36414.22 d17.14
MinimumVisualStudioVersion = 10.0.40219.1
Project("{FAE04EC0-301F-11D3-BF4B-00C04F79EFBC}") = "library-system", "library-system.csproj", "{2D755C8B-E9DC-4C88-9F62-738CFA47BC1A}"
EndProject
Global
	GlobalSection(SolutionConfigurationPlatforms) = preSolution
		Debug|Any CPU = Debug|Any CPU
		Release|Any CPU = Release|Any CPU
	EndGlobalSection
	GlobalSection(ProjectConfigurationPlatforms) = postSolution
		{2D755C8B-E9DC-4C88-9F62-738CFA47BC1A}.Debug|Any CPU.ActiveCfg = Debug|Any CPU
		{2D755C8B-E9DC-4C88-9F62-738CFA47BC1A}.Debug|Any CPU.Build.0 = Debug|Any CPU
		{2D755C8B-E9DC-4C88-9F62-738CFA47BC1A}.Release|Any CPU.ActiveCfg = Release|Any CPU
		{2D755C8B-E9DC-4C88-9F62-738CFA47BC1A}.Release|Any CPU.Build.0 = Release|Any CPU
	EndGlobalSection
	GlobalSection(SolutionProperties) = preSolution
		HideSolutionNode = FALSE
	EndGlobalSection
	GlobalSection(ExtensibilityGlobals) = postSolution
		SolutionGuid = {F2194098-67D0-4BF9-94ED-B50B181AF116}
	EndGlobalSection
EndGlobal
